hash: f0783298d32c89b5b109e13602b6c7a3ffab9298494b6de652bf6aebccbed860
updated: 2016-07-18T11:21:38.188096966-07:00
imports:
- name: github.com/arschles/assert
  version: 5c22e2eba944d89ddd5c81b2c4175e64ee828503
- name: github.com/asaskevich/govalidator
  version: 9699ab6b38bee2e02cd3fe8b99ecf67665395c96
  repo: https://github.com/asaskevich/govalidator
- name: github.com/aws/aws-sdk-go
  version: d85fa529a99a833067e11c0a838b9db7a5d5ea71
  subpackages:
  - aws
  - aws/session
  - service/rds
  - aws/awserr
  - aws/credentials
  - aws/client
  - aws/corehandlers
  - aws/defaults
  - aws/request
  - private/endpoints
  - aws/awsutil
  - aws/client/metadata
  - private/protocol
  - private/protocol/query
  - private/signer/v4
  - private/waiter
  - aws/credentials/ec2rolecreds
  - aws/ec2metadata
  - private/protocol/query/queryutil
  - private/protocol/xml/xmlutil
  - private/protocol/rest
- name: github.com/go-ini/ini
  version: 12f418cc7edc5a618a51407b7ac1f1f512139df3
- name: github.com/go-swagger/go-swagger
  version: ff42df2bf231f6a12383b36332f8364254ea86d6
  subpackages:
  - spec
  - httpkit/middleware
  - errors
  - httpkit/validate
  - strfmt
  - swag
  - httpkit
  - jsonpointer
  - jsonreference
  - httpkit/middleware/header
  - httpkit/middleware/untyped
  - internal/validate
- name: github.com/gorilla/context
  version: 1ea25387ff6f684839d82767c1733ff4d4d15d0a
  repo: https://github.com/gorilla/context
- name: github.com/gorilla/mux
  version: 9c19ed558d5df4da88e2ade9c8940d742aef0e7e
- name: github.com/jessevdk/go-flags
  version: 6b9493b3cb60367edd942144879646604089e3f7
- name: github.com/jinzhu/gorm
  version: bf413d67d3a25d4eeddb28541283fa6434d1cdb5
- name: github.com/jinzhu/inflection
  version: 3272df6c21d04180007eb3349844c89a3856bc25
- name: github.com/jmespath/go-jmespath
  version: 0b12d6b521d83fc7f755e7cfc1b1fbdd35a01a74
- name: github.com/jmoiron/sqlx
  version: 398dd5876282499cdfd4cb8ea0f31a672abe9495
  subpackages:
  - types
- name: github.com/kelseyhightower/envconfig
  version: 91921eb4cf999321cdbeebdba5a03555800d493b
- name: github.com/lib/pq
  version: dd3290b2f71a8b30bee8e4e75a337a825263d26f
  subpackages:
  - oid
- name: github.com/mxk/go-sqlite
  version: 167da9432e1f4602e95ea67b67051cfa34412e3f
  subpackages:
  - sqlite3
- name: github.com/naoina/denco
  version: 9af2ba0e24214bac003821f4a501b131b2e04c75
  repo: https://github.com/naoina/denco
- name: github.com/opennota/urlesc
  version: 5fa9ff0392746aeae1c4b37fcc42c65afa7a9587
  repo: https://github.com/opennota/urlesc
- name: github.com/pborman/uuid
  version: c55201b036063326c5b1b89ccfe45a184973d073
- name: github.com/PuerkitoBio/purell
  version: d69616f51cdfcd7514d6a380847a152dfc2a749d
  repo: https://github.com/PuerkitoBio/purell
- name: github.com/tylerb/graceful
  version: 9a3d4236b03bb5d26f7951134d248f9d5510d599
- name: golang.org/x/net
  version: e7da8edaa52631091740908acaf2c2d4c9b3ce90
  repo: https://go.googlesource.com/net
  subpackages:
  - context
  - netutil
- name: gopkg.in/yaml.v2
  version: a83829b6f1293c91addabc89d0571c246397bbf4
  repo: https://gopkg.in/yaml.v2
devImports: []
