hash: d113751d1aa0f73471e4c71810d6a84d01b2f9dc60a9ca651307732397ca081a
updated: 2017-04-04T22:04:25.415266386Z
imports:
- name: github.com/arschles/assert
  version: bb58b908265b5931732079df03f2818bf2167ba0
- name: github.com/asaskevich/govalidator
  version: 9699ab6b38bee2e02cd3fe8b99ecf67665395c96
  repo: https://github.com/asaskevich/govalidator
- name: github.com/go-swagger/go-swagger
  version: ff42df2bf231f6a12383b36332f8364254ea86d6
  subpackages:
  - errors
  - httpkit
  - httpkit/middleware
  - httpkit/middleware/header
  - httpkit/middleware/untyped
  - httpkit/security
  - httpkit/validate
  - internal/validate
  - jsonpointer
  - jsonreference
  - spec
  - strfmt
  - swag
- name: github.com/gorilla/context
  version: 1ea25387ff6f684839d82767c1733ff4d4d15d0a
  repo: https://github.com/gorilla/context
- name: github.com/gorilla/mux
  version: 599cba5e7b6137d46ddf58fb1765f5d928e69604
- name: github.com/jessevdk/go-flags
  version: 6b9493b3cb60367edd942144879646604089e3f7
  repo: https://github.com/jessevdk/go-flags
- name: github.com/jinzhu/gorm
  version: 45ccb134373e7d9fa76d5987a6fed6cd5a5adfd4
- name: github.com/jinzhu/inflection
  version: 1c35d901db3da928c72a72d8458480cc9ade058f
- name: github.com/jmoiron/sqlx
  version: 8ed836a8adb659e8492bcaa49e0880bb84075fe2
  subpackages:
  - types
- name: github.com/kelseyhightower/envconfig
  version: 8bf4bbfc795e2c7c8a5ea47b707453ed019e2ad4
- name: github.com/lib/pq
  version: 2704adc878c21e1329f46f6e56a1c387d788ff94
  subpackages:
  - oid
- name: github.com/mxk/go-sqlite
  version: 167da9432e1f4602e95ea67b67051cfa34412e3f
  subpackages:
  - sqlite3
- name: github.com/naoina/denco
  version: 9af2ba0e24214bac003821f4a501b131b2e04c75
  repo: https://github.com/naoina/denco
- name: github.com/opennota/urlesc
  version: 5fa9ff0392746aeae1c4b37fcc42c65afa7a9587
  repo: https://github.com/opennota/urlesc
- name: github.com/pborman/uuid
  version: 1b00554d822231195d1babd97ff4a781231955c9
- name: github.com/PuerkitoBio/purell
  version: d69616f51cdfcd7514d6a380847a152dfc2a749d
  repo: https://github.com/PuerkitoBio/purell
- name: github.com/tylerb/graceful
  version: c78c8d9dded2ad16ad81b1fa526a81b2bb8049f6
  repo: https://github.com/tylerb/graceful
- name: golang.org/x/net
  version: e7da8edaa52631091740908acaf2c2d4c9b3ce90
  repo: https://go.googlesource.com/net
  subpackages:
  - context
  - netutil
- name: gopkg.in/yaml.v2
  version: a83829b6f1293c91addabc89d0571c246397bbf4
  repo: https://gopkg.in/yaml.v2
testImports: []
